github.com/pkg/errors v0.9.1 h1:FEBLx1zS214owpjy7qsBeixbURkuhQAwrK5UwLGTwt4=
github.com/pkg/errors v0.9.1/go.mod h1:bwawxfHBFNV+L2hUp1rHADufV3IMtnDRdf1r5NINEl0=
github.com/sonh/qs v0.6.3 h1:iZpVuZrJde5DUkJ0/0K4RUCVeUTl58+tInT70nxwj3c=
github.com/sonh/qs v0.6.3/go.mod h1:ixNFeW/E9OuMP2yuazm5y1fIB0tTZI4TU1B8Lb4gpiE=
